
Microsoft Visual Studio Solution File, Format Version 12.00
# Visual Studio Version 16
VisualStudioVersion = 16.0.29318.209
MinimumVisualStudioVersion = 10.0.40219.1
Project("{2150E333-8FDC-42A3-9474-1A3956D46DE8}") = "src", "src", "{2B5E2E29-1C9F-4AD1-A5CB-F24C440202BB}"
EndProject
Project("{9A19103F-16F7-4668-BE54-9A1E7A4F7556}") = "Wy.Nacos.Core", "Wy.Nacos.Core\Wy.Nacos.Core.csproj", "{85EB8458-5BB7-4520-851F-CDA371DC597B}"
EndProject
Project("{9A19103F-16F7-4668-BE54-9A1E7A4F7556}") = "Wy.Nacos.Configuration", "Wy.Nacos.Configuration\Wy.Nacos.Configuration.csproj", "{0AC598CF-8AFB-4163-BC14-8568AB5973DD}"
EndProject
Project("{FAE04EC0-301F-11D3-BF4B-00C04F79EFBC}") = "Wy.Nacos.UnitTest", "Wy.Nacos.UnitTest\Wy.Nacos.UnitTest.csproj", "{F8C11DA0-29C1-4214-9E3A-987948983228}"
EndProject
Global
	GlobalSection(SolutionConfigurationPlatforms) = preSolution
		Debug|Any CPU = Debug|Any CPU
		Release|Any CPU = Release|Any CPU
	EndGlobalSection
	GlobalSection(ProjectConfigurationPlatforms) = postSolution
		{85EB8458-5BB7-4520-851F-CDA371DC597B}.Debug|Any CPU.ActiveCfg = Debug|Any CPU
		{85EB8458-5BB7-4520-851F-CDA371DC597B}.Debug|Any CPU.Build.0 = Debug|Any CPU
		{85EB8458-5BB7-4520-851F-CDA371DC597B}.Release|Any CPU.ActiveCfg = Release|Any CPU
		{85EB8458-5BB7-4520-851F-CDA371DC597B}.Release|Any CPU.Build.0 = Release|Any CPU
		{0AC598CF-8AFB-4163-BC14-8568AB5973DD}.Debug|Any CPU.ActiveCfg = Debug|Any CPU
		{0AC598CF-8AFB-4163-BC14-8568AB5973DD}.Debug|Any CPU.Build.0 = Debug|Any CPU
		{0AC598CF-8AFB-4163-BC14-8568AB5973DD}.Release|Any CPU.ActiveCfg = Release|Any CPU
		{0AC598CF-8AFB-4163-BC14-8568AB5973DD}.Release|Any CPU.Build.0 = Release|Any CPU
		{F8C11DA0-29C1-4214-9E3A-987948983228}.Debug|Any CPU.ActiveCfg = Debug|Any CPU
		{F8C11DA0-29C1-4214-9E3A-987948983228}.Debug|Any CPU.Build.0 = Debug|Any CPU
		{F8C11DA0-29C1-4214-9E3A-987948983228}.Release|Any CPU.ActiveCfg = Release|Any CPU
		{F8C11DA0-29C1-4214-9E3A-987948983228}.Release|Any CPU.Build.0 = Release|Any CPU
	EndGlobalSection
	GlobalSection(SolutionProperties) = preSolution
		HideSolutionNode = FALSE
	EndGlobalSection
	GlobalSection(NestedProjects) = preSolution
		{85EB8458-5BB7-4520-851F-CDA371DC597B} = {2B5E2E29-1C9F-4AD1-A5CB-F24C440202BB}
		{0AC598CF-8AFB-4163-BC14-8568AB5973DD} = {2B5E2E29-1C9F-4AD1-A5CB-F24C440202BB}
		{F8C11DA0-29C1-4214-9E3A-987948983228} = {2B5E2E29-1C9F-4AD1-A5CB-F24C440202BB}
	EndGlobalSection
	GlobalSection(ExtensibilityGlobals) = postSolution
		SolutionGuid = {B8EC4115-2BED-4FE6-B284-8825B1925ECC}
	EndGlobalSection
EndGlobal
